
Microsoft Visual Studio Solution File, Format Version 12.00
# Visual Studio Version 16
VisualStudioVersion = 16.0.30611.23
MinimumVisualStudioVersion = 10.0.40219.1
Project("{9A19103F-16F7-4668-BE54-9A1E7A4F7556}") = "MoodAnalyser", "MoodAnalyser\MoodAnalyser.csproj", "{87EC2BB9-614E-4DE1-9481-984353CC833E}"
EndProject
Project("{FAE04EC0-301F-11D3-BF4B-00C04F79EFBC}") = "MoodAnalyserTests", "MoodAnalyserTests\MoodAnalyserTests.csproj", "{AD27EF5E-3E47-4685-9D82-E64713FFE029}"
EndProject
Global
	GlobalSection(SolutionConfigurationPlatforms) = preSolution
		Debug|Any CPU = Debug|Any CPU
		Release|Any CPU = Release|Any CPU
	EndGlobalSection
	GlobalSection(ProjectConfigurationPlatforms) = postSolution
		{87EC2BB9-614E-4DE1-9481-984353CC833E}.Debug|Any CPU.ActiveCfg = Debug|Any CPU
		{87EC2BB9-614E-4DE1-9481-984353CC833E}.Debug|Any CPU.Build.0 = Debug|Any CPU
		{87EC2BB9-614E-4DE1-9481-984353CC833E}.Release|Any CPU.ActiveCfg = Release|Any CPU
		{87EC2BB9-614E-4DE1-9481-984353CC833E}.Release|Any CPU.Build.0 = Release|Any CPU
		{AD27EF5E-3E47-4685-9D82-E64713FFE029}.Debug|Any CPU.ActiveCfg = Debug|Any CPU
		{AD27EF5E-3E47-4685-9D82-E64713FFE029}.Debug|Any CPU.Build.0 = Debug|Any CPU
		{AD27EF5E-3E47-4685-9D82-E64713FFE029}.Release|Any CPU.ActiveCfg = Release|Any CPU
		{AD27EF5E-3E47-4685-9D82-E64713FFE029}.Release|Any CPU.Build.0 = Release|Any CPU
	EndGlobalSection
	GlobalSection(SolutionProperties) = preSolution
		HideSolutionNode = FALSE
	EndGlobalSection
	GlobalSection(ExtensibilityGlobals) = postSolution
		SolutionGuid = {AAB2A65F-C496-4FE1-B54D-5102DA737D4D}
	EndGlobalSection
EndGlobal
